
Microsoft Visual Studio Solution File, Format Version 12.00
# Visual Studio Version 16
VisualStudioVersion = 16.0.32002.261
MinimumVisualStudioVersion = 10.0.40219.1
Project("{FAE04EC0-301F-11D3-BF4B-00C04F79EFBC}") = "FreePasses_API", "FreePasses_API\FreePasses_API.csproj", "{56C17E2A-0E16-483B-BDE4-1BD3D1601EB8}"
EndProject
Global
	GlobalSection(SolutionConfigurationPlatforms) = preSolution
		Debug|Any CPU = Debug|Any CPU
		Release|Any CPU = Release|Any CPU
	EndGlobalSection
	GlobalSection(ProjectConfigurationPlatforms) = postSolution
		{56C17E2A-0E16-483B-BDE4-1BD3D1601EB8}.Debug|Any CPU.ActiveCfg = Debug|Any CPU
		{56C17E2A-0E16-483B-BDE4-1BD3D1601EB8}.Debug|Any CPU.Build.0 = Debug|Any CPU
		{56C17E2A-0E16-483B-BDE4-1BD3D1601EB8}.Release|Any CPU.ActiveCfg = Release|Any CPU
		{56C17E2A-0E16-483B-BDE4-1BD3D1601EB8}.Release|Any CPU.Build.0 = Release|Any CPU
	EndGlobalSection
	GlobalSection(SolutionProperties) = preSolution
		HideSolutionNode = FALSE
	EndGlobalSection
	GlobalSection(ExtensibilityGlobals) = postSolution
		SolutionGuid = {E266D3B1-5593-4E35-9909-011BC15BEC32}
	EndGlobalSection
EndGlobal
